github.com/MitarashiDango/go-nullable v1.0.0 h1:EM1r0FW4Sy57+W+Ar6Qs3fWDfffR8yDEXclr9GcYRp0=
github.com/MitarashiDango/go-nullable v1.0.0/go.mod h1:XYXeZ7xeVAroOe+Didp1FONhdsTa2F6Q22CTFEZPTEk=
github.com/MitarashiDango/go-nullable v1.0.1 h1:2DQI+gd6cgu0GLdOMCfadOUBEnl4hGyjCUV2pT0d8lU=
github.com/MitarashiDango/go-nullable v1.0.1/go.mod h1:XYXeZ7xeVAroOe+Didp1FONhdsTa2F6Q22CTFEZPTEk=
